<?xml version="1.0" encoding="utf-8"?>
<Project ToolsVersion="4.0" xmlns="http://schemas.microsoft.com/developer/msbuild/2003">
  <ItemGroup>
    <CudaCompile Include="TPEG.cu" />
  </ItemGroup>
  <ItemGroup>
    <ClCompile Include="main.cpp" />
  </ItemGroup>
  <ItemGroup>
    <ClInclude Include="TPEG.h" />
    <ClInclude Include="TPEG_Buffer.cuh" />
    <ClInclude Include="user_conf.cuh" />
    <ClInclude Include="cuda_common.h" />
    <ClInclude Include="cuda_math.cuh" />
    <ClInclude Include="dct.cuh" />
    <ClInclude Include="dct_util.h" />
    <ClInclude Include="diff_sum.cuh" />
    <ClInclude Include="entropy.cuh" />
    <ClInclude Include="initialize.cuh" />
    <ClInclude Include="kernels.cuh" />
    <ClInclude Include="tpeg_common.h" />
  </ItemGroup>
  <ItemGroup>
    <Filter Include="Kernels">
      <UniqueIdentifier>{1cd2a805-fbf3-4ea1-80cb-bf21987dade7}</UniqueIdentifier>
    </Filter>
    <Filter Include="Util">
      <UniqueIdentifier>{17a35698-d418-479a-83e0-208905dc7d28}</UniqueIdentifier>
    </Filter>
  </ItemGroup>
  <ItemGroup>
    <None Include="Document.htm" />
  </ItemGroup>
</Project>